// !$*UTF8*$!
{ archiveVersion = 1; classes = {}; objectVersion = 56; objects = {
906E13072ACAAE1A48D03B2C = { isa = PBXFileReference; lastKnownFileType = sourcecode.swift; path = "MarkdownReader/Core/MarkdownParser.swift"; sourceTree = SOURCE_ROOT; };
4B0B0920BA54BBA7666A1D20 = { isa = PBXBuildFile; fileRef = 906E13072ACAAE1A48D03B2C; };
8529C5334E31B893FB272F0D = { isa = PBXFileReference; lastKnownFileType = sourcecode.swift; path = "MarkdownReader/MarkdownReaderApp.swift"; sourceTree = SOURCE_ROOT; };
919F0D4B9FEB0B1A30B9790E = { isa = PBXBuildFile; fileRef = 8529C5334E31B893FB272F0D; };
98C9E66F81134282D2141867 = { isa = PBXFileReference; lastKnownFileType = sourcecode.swift; path = "MarkdownReader/Views/ReadingView.swift"; sourceTree = SOURCE_ROOT; };
514DD6A40D9B6BBEB1B9CA38 = { isa = PBXBuildFile; fileRef = 98C9E66F81134282D2141867; };
12FE957930219473BDD13B81 = { isa = PBXFileReference; lastKnownFileType = sourcecode.swift; path = "MarkdownReader/Views/WorkspaceView.swift"; sourceTree = SOURCE_ROOT; };
267BB638BF9A10D85BB2920F = { isa = PBXBuildFile; fileRef = 12FE957930219473BDD13B81; };
3685E330EC5277A9DD5661C6 = { isa = PBXFileReference; lastKnownFileType = folder.assetcatalog; path = MarkdownReader/Assets.xcassets; sourceTree = SOURCE_ROOT; };
C1FFFB61196F8C993C0041FD = { isa = PBXBuildFile; fileRef = 3685E330EC5277A9DD5661C6; };
38A007151ABE87CC01A5B6E9 = { isa = PBXFileReference; explicitFileType = wrapper.application; path = MarkdownReader.app; sourceTree = BUILT_PRODUCTS_DIR; };
FBDC4F23F93125BBEEAE800C = { isa = PBXGroup; children = (38A007151ABE87CC01A5B6E9,); name = Products; sourceTree = "<group>"; };
870B3294C0CBD48AF6BBCC1B = { isa = PBXGroup; children = (906E13072ACAAE1A48D03B2C,8529C5334E31B893FB272F0D,98C9E66F81134282D2141867,12FE957930219473BDD13B81,3685E330EC5277A9DD5661C6,FBDC4F23F93125BBEEAE800C,); sourceTree = "<group>"; };
F612CD2E22E187AC48B5913C = { isa = PBXSourcesBuildPhase; buildActionMask = 2147483647; files = (4B0B0920BA54BBA7666A1D20,919F0D4B9FEB0B1A30B9790E,514DD6A40D9B6BBEB1B9CA38,267BB638BF9A10D85BB2920F,); runOnlyForDeploymentPostprocessing = 0; };
0189424A5A60FED329FA868E = { isa = PBXResourcesBuildPhase; buildActionMask = 2147483647; files = (C1FFFB61196F8C993C0041FD,); runOnlyForDeploymentPostprocessing = 0; };
7561BFB015D8F536760CB671 = { isa = PBXFrameworksBuildPhase; buildActionMask = 2147483647; files = (); runOnlyForDeploymentPostprocessing = 0; };
89E1FD6268CC0F221A2BE178 = { isa = XCBuildConfiguration; buildSettings = { "SWIFT_VERSION" = "6.0"; "CLANG_ENABLE_MODULES" = "YES"; "IPHONEOS_DEPLOYMENT_TARGET" = "18.0"; "MACOSX_DEPLOYMENT_TARGET" = "15.0"; "SWIFT_OPTIMIZATION_LEVEL" = "-Onone"; }; name = Debug; };
E6DE6C99132752C914FEF632 = { isa = XCBuildConfiguration; buildSettings = { "SWIFT_VERSION" = "6.0"; "CLANG_ENABLE_MODULES" = "YES"; "IPHONEOS_DEPLOYMENT_TARGET" = "18.0"; "MACOSX_DEPLOYMENT_TARGET" = "15.0"; "SWIFT_OPTIMIZATION_LEVEL" = "-O"; }; name = Release; };
6650A2B5E24FA7522CE6B81C = { isa = XCConfigurationList; buildConfigurations = (89E1FD6268CC0F221A2BE178,E6DE6C99132752C914FEF632,); defaultConfigurationIsVisible = 0; defaultConfigurationName = Release; };
7082CC0B6FC1282FCEABD07A = { isa = XCBuildConfiguration; buildSettings = { "SWIFT_VERSION" = "6.0"; "CLANG_ENABLE_MODULES" = "YES"; "IPHONEOS_DEPLOYMENT_TARGET" = "18.0"; "MACOSX_DEPLOYMENT_TARGET" = "15.0"; "SWIFT_OPTIMIZATION_LEVEL" = "-Onone"; "PRODUCT_NAME" = "$(TARGET_NAME)"; "PRODUCT_BUNDLE_IDENTIFIER" = "org.markdownreader.app"; "GENERATE_INFOPLIST_FILE" = "YES"; "INFOPLIST_FILE" = "MarkdownReader/Info.plist"; "SUPPORTED_PLATFORMS" = "iphoneos iphonesimulator macosx"; "SDKROOT" = "auto"; "TARGETED_DEVICE_FAMILY" = "1,2"; "SUPPORTS_MACCATALYST" = "NO"; "CODE_SIGN_STYLE" = "Automatic"; "COMBINE_HIDPI_IMAGES" = "YES"; "CURRENT_PROJECT_VERSION" = "1"; "MARKETING_VERSION" = "0.1.0"; "ASSETCATALOG_COMPILER_GLOBAL_ACCENT_COLOR_NAME" = "AccentColor"; "ENABLE_HARDENED_RUNTIME" = "YES"; "CODE_SIGN_ENTITLEMENTS[sdk=macosx*]" = "MarkdownReader/MarkdownReader.entitlements"; }; name = Debug; };
639A7CA24D39909E713B47F7 = { isa = XCBuildConfiguration; buildSettings = { "SWIFT_VERSION" = "6.0"; "CLANG_ENABLE_MODULES" = "YES"; "IPHONEOS_DEPLOYMENT_TARGET" = "18.0"; "MACOSX_DEPLOYMENT_TARGET" = "15.0"; "SWIFT_OPTIMIZATION_LEVEL" = "-O"; "PRODUCT_NAME" = "$(TARGET_NAME)"; "PRODUCT_BUNDLE_IDENTIFIER" = "org.markdownreader.app"; "GENERATE_INFOPLIST_FILE" = "YES"; "INFOPLIST_FILE" = "MarkdownReader/Info.plist"; "SUPPORTED_PLATFORMS" = "iphoneos iphonesimulator macosx"; "SDKROOT" = "auto"; "TARGETED_DEVICE_FAMILY" = "1,2"; "SUPPORTS_MACCATALYST" = "NO"; "CODE_SIGN_STYLE" = "Automatic"; "COMBINE_HIDPI_IMAGES" = "YES"; "CURRENT_PROJECT_VERSION" = "1"; "MARKETING_VERSION" = "0.1.0"; "ASSETCATALOG_COMPILER_GLOBAL_ACCENT_COLOR_NAME" = "AccentColor"; "ENABLE_HARDENED_RUNTIME" = "YES"; "CODE_SIGN_ENTITLEMENTS[sdk=macosx*]" = "MarkdownReader/MarkdownReader.entitlements"; }; name = Release; };
7DE97F2CECB2601227982F09 = { isa = XCConfigurationList; buildConfigurations = (7082CC0B6FC1282FCEABD07A,639A7CA24D39909E713B47F7,); defaultConfigurationIsVisible = 0; defaultConfigurationName = Release; };
0E8A3AD980EC179856012B7E = { isa = PBXNativeTarget; buildConfigurationList = 7DE97F2CECB2601227982F09; buildPhases = (F612CD2E22E187AC48B5913C,7561BFB015D8F536760CB671,0189424A5A60FED329FA868E,); buildRules = (); dependencies = (); name = MarkdownReader; productName = MarkdownReader; productReference = 38A007151ABE87CC01A5B6E9; productType = "com.apple.product-type.application"; };
98F54143AB4E86B28C3AFEE0 = { isa = PBXProject; attributes = { LastUpgradeCheck = 2600; }; buildConfigurationList = 6650A2B5E24FA7522CE6B81C; compatibilityVersion = "Xcode 14.0"; developmentRegion = zh-Hans; hasScannedForEncodings = 0; knownRegions = (en,Base,"zh-Hans",); mainGroup = 870B3294C0CBD48AF6BBCC1B; productRefGroup = FBDC4F23F93125BBEEAE800C; projectDirPath = ""; projectRoot = ""; targets = (0E8A3AD980EC179856012B7E,); };
}; rootObject = 98F54143AB4E86B28C3AFEE0; }
